# firestore.rules deployed lock
# Escrito por scripts/invariantes/marcar-rules-deployadas.ts después de
# `firebase deploy --only firestore:rules`. NO editar a mano.
# Cazador P-005 lo compara contra el SHA-256 actual de firestore.rules
# para detectar diff pendiente de deployar.

sha256: 06f5c95b89909a441bc4fcaf23294ef2040f26abfd685ae585452527ebf14fc8
deployedAt: 2026-10-09T05:19:23.509Z
