# firestore.rules deployed lock
# Escrito por scripts/invariantes/marcar-rules-deployadas.ts después de
# `firebase deploy --only firestore:rules`. NO editar a mano.
# Cazador P-005 lo compara contra el SHA-256 actual de firestore.rules
# para detectar diff pendiente de deployar.

sha256: 9986643683478887655e0d7c00e31dea2f899c74f535865494013f7088ee3772
deployedAt: 2026-05-24T13:30:31.877Z
