# firestore.rules deployed lock
# Escrito por scripts/invariantes/marcar-rules-deployadas.ts después de
# `firebase deploy --only firestore:rules`. NO editar a mano.
# Cazador P-005 lo compara contra el SHA-256 actual de firestore.rules
# para detectar diff pendiente de deployar.

sha256: 53954df54fd7b6093d7242a869323098c1a79de304fc93536d9d3b5279960452
deployedAt: 2026-10-06T21:39:52.848Z
