# storage.rules deployed lock
# Escrito por scripts/invariantes/marcar-storage-rules-deployadas.ts después de
# `firebase deploy --only storage:rules`. NO editar a mano.
# Cazador P-013 lo compara contra el SHA-256 actual de storage.rules
# para detectar diff pendiente de deployar.

sha256: accf5550e87d21725f99e150e6d31e83172879a7004ff0a2d89136dc89a457e9
deployedAt: 2026-05-25T12:24:57.159Z
